
Microsoft Visual Studio Solution File, Format Version 12.00
# Visual Studio Version 16
VisualStudioVersion = 16.0.31729.503
MinimumVisualStudioVersion = 10.0.40219.1
Project("{9A19103F-16F7-4668-BE54-9A1E7A4F7556}") = "FourStepPipelineDemo.Web", "FourStepPipelineDemo.Web\FourStepPipelineDemo.Web.csproj", "{5D191F8D-1DC2-4352-AA69-A2DAFD1A5A7F}"
EndProject
Project("{FAE04EC0-301F-11D3-BF4B-00C04F79EFBC}") = "FourStepPipelineDemo.Web.Tests", "FourStepPipelineDemo.Web.Tests\FourStepPipelineDemo.Web.Tests.csproj", "{EA2C19CD-FF22-463B-B227-582D71BBB677}"
EndProject
Global
	GlobalSection(SolutionConfigurationPlatforms) = preSolution
		Debug|Any CPU = Debug|Any CPU
		Release|Any CPU = Release|Any CPU
	EndGlobalSection
	GlobalSection(ProjectConfigurationPlatforms) = postSolution
		{5D191F8D-1DC2-4352-AA69-A2DAFD1A5A7F}.Debug|Any CPU.ActiveCfg = Debug|Any CPU
		{5D191F8D-1DC2-4352-AA69-A2DAFD1A5A7F}.Debug|Any CPU.Build.0 = Debug|Any CPU
		{5D191F8D-1DC2-4352-AA69-A2DAFD1A5A7F}.Release|Any CPU.ActiveCfg = Release|Any CPU
		{5D191F8D-1DC2-4352-AA69-A2DAFD1A5A7F}.Release|Any CPU.Build.0 = Release|Any CPU
		{EA2C19CD-FF22-463B-B227-582D71BBB677}.Debug|Any CPU.ActiveCfg = Debug|Any CPU
		{EA2C19CD-FF22-463B-B227-582D71BBB677}.Debug|Any CPU.Build.0 = Debug|Any CPU
		{EA2C19CD-FF22-463B-B227-582D71BBB677}.Release|Any CPU.ActiveCfg = Release|Any CPU
		{EA2C19CD-FF22-463B-B227-582D71BBB677}.Release|Any CPU.Build.0 = Release|Any CPU
	EndGlobalSection
	GlobalSection(SolutionProperties) = preSolution
		HideSolutionNode = FALSE
	EndGlobalSection
	GlobalSection(ExtensibilityGlobals) = postSolution
		SolutionGuid = {B67A7C07-A309-48B9-B644-9B13373BE847}
	EndGlobalSection
EndGlobal
